// !$*UTF8*$!
{
	archiveVersion = 1;
	classes = {
	};
	objectVersion = 50;
	objects = {

/* Begin PBXBuildFile section */
		3B124C31209E26DB00C86DA0 /* AppDelegate.swift in Sources */ = {isa = PBXBuildFile; fileRef = 3B124C30209E26DB00C86DA0 /* AppDelegate.swift */; };
		3B124C33209E26DB00C86DA0 /* HeroesViewController.swift in Sources */ = {isa = PBXBuildFile; fileRef = 3B124C32209E26DB00C86DA0 /* HeroesViewController.swift */; };
		3B124C36209E26DB00C86DA0 /* Main.storyboard in Resources */ = {isa = PBXBuildFile; fileRef = 3B124C34209E26DB00C86DA0 /* Main.storyboard */; };
		3B124C38209E26DD00C86DA0 /* Assets.xcassets in Resources */ = {isa = PBXBuildFile; fileRef = 3B124C37209E26DD00C86DA0 /* Assets.xcassets */; };
		3B124C3B209E26DD00C86DA0 /* LaunchScreen.storyboard in Resources */ = {isa = PBXBuildFile; fileRef = 3B124C39209E26DD00C86DA0 /* LaunchScreen.storyboard */; };
		3B124C46209E26DD00C86DA0 /* MarvelHeroesTests.swift in Sources */ = {isa = PBXBuildFile; fileRef = 3B124C45209E26DD00C86DA0 /* MarvelHeroesTests.swift */; };
		3B124C51209E26DD00C86DA0 /* MarvelHeroesUITests.swift in Sources */ = {isa = PBXBuildFile; fileRef = 3B124C50209E26DD00C86DA0 /* MarvelHeroesUITests.swift */; };
		3B124C60209E29EE00C86DA0 /* Hero.swift in Sources */ = {isa = PBXBuildFile; fileRef = 3B124C5F209E29EE00C86DA0 /* Hero.swift */; };
		3B124C62209E2A4800C86DA0 /* Thumbnail.swift in Sources */ = {isa = PBXBuildFile; fileRef = 3B124C61209E2A4800C86DA0 /* Thumbnail.swift */; };
		3B124C65209E2AA800C86DA0 /* HeroAPI.swift in Sources */ = {isa = PBXBuildFile; fileRef = 3B124C64209E2AA800C86DA0 /* HeroAPI.swift */; };
		3B124C67209E306A00C86DA0 /* Request.swift in Sources */ = {isa = PBXBuildFile; fileRef = 3B124C66209E306A00C86DA0 /* Request.swift */; };
		3B3E233C209FC8E800AD3D05 /* HeroesViewController+Search.swift in Sources */ = {isa = PBXBuildFile; fileRef = 3B3E233B209FC8E800AD3D05 /* HeroesViewController+Search.swift */; };
		3B3E233E209FDD3F00AD3D05 /* FavoritesService.swift in Sources */ = {isa = PBXBuildFile; fileRef = 3B3E233D209FDD3F00AD3D05 /* FavoritesService.swift */; };
		3B3E234420A0AD1700AD3D05 /* DetailsViewController.swift in Sources */ = {isa = PBXBuildFile; fileRef = 3B3E234320A0AD1700AD3D05 /* DetailsViewController.swift */; };
		3B3E234620A0AF4500AD3D05 /* CustomAnimator.swift in Sources */ = {isa = PBXBuildFile; fileRef = 3B3E234520A0AF4500AD3D05 /* CustomAnimator.swift */; };
		3B3E234820A0CBBE00AD3D05 /* DetailsService.swift in Sources */ = {isa = PBXBuildFile; fileRef = 3B3E234720A0CBBE00AD3D05 /* DetailsService.swift */; };
		3B3E234A20A0D42600AD3D05 /* Comic.swift in Sources */ = {isa = PBXBuildFile; fileRef = 3B3E234920A0D42600AD3D05 /* Comic.swift */; };
		3B3E234C20A0E21500AD3D05 /* Event.swift in Sources */ = {isa = PBXBuildFile; fileRef = 3B3E234B20A0E21500AD3D05 /* Event.swift */; };
		3B3E234E20A0E23F00AD3D05 /* Serie.swift in Sources */ = {isa = PBXBuildFile; fileRef = 3B3E234D20A0E23F00AD3D05 /* Serie.swift */; };
		3B3E235020A0E24700AD3D05 /* Story.swift in Sources */ = {isa = PBXBuildFile; fileRef = 3B3E234F20A0E24700AD3D05 /* Story.swift */; };
		3B3E235220A0E7CF00AD3D05 /* DetailsViewController+DataSource.swift in Sources */ = {isa = PBXBuildFile; fileRef = 3B3E235120A0E7CF00AD3D05 /* DetailsViewController+DataSource.swift */; };
		3BC2B331209F7F4E003D91F4 /* HeroService.swift in Sources */ = {isa = PBXBuildFile; fileRef = 3BC2B330209F7F4E003D91F4 /* HeroService.swift */; };
		3BC2B336209F84F8003D91F4 /* String+MD5.swift in Sources */ = {isa = PBXBuildFile; fileRef = 3BC2B335209F84F8003D91F4 /* String+MD5.swift */; };
		3BC2B33B209F921C003D91F4 /* HeroTableViewCell.swift in Sources */ = {isa = PBXBuildFile; fileRef = 3BC2B339209F921C003D91F4 /* HeroTableViewCell.swift */; };
		3BC2B33C209F921C003D91F4 /* HeroTableViewCell.xib in Resources */ = {isa = PBXBuildFile; fileRef = 3BC2B33A209F921C003D91F4 /* HeroTableViewCell.xib */; };
		3BC2B340209FA060003D91F4 /* HeroesViewController+DataSource.swift in Sources */ = {isa = PBXBuildFile; fileRef = 3BC2B33F209FA060003D91F4 /* HeroesViewController+DataSource.swift */; };
		3BC2B343209FA595003D91F4 /* ImageService.swift in Sources */ = {isa = PBXBuildFile; fileRef = 3BC2B342209FA595003D91F4 /* ImageService.swift */; };
		3BC2B345209FAF37003D91F4 /* HeroesViewController+Delegate.swift in Sources */ = {isa = PBXBuildFile; fileRef = 3BC2B344209FAF37003D91F4 /* HeroesViewController+Delegate.swift */; };
		3BC2B348209FB2B3003D91F4 /* Loadable.swift in Sources */ = {isa = PBXBuildFile; fileRef = 3BC2B347209FB2B3003D91F4 /* Loadable.swift */; };
/* End PBXBuildFile section */

/* Begin PBXContainerItemProxy section */
		3B124C42209E26DD00C86DA0 /* PBXContainerItemProxy */ = {
			isa = PBXContainerItemProxy;
			containerPortal = 3B124C25209E26DB00C86DA0 /* Project object */;
			proxyType = 1;
			remoteGlobalIDString = 3B124C2C209E26DB00C86DA0;
			remoteInfo = MarvelHeroes;
		};
		3B124C4D209E26DD00C86DA0 /* PBXContainerItemProxy */ = {
			isa = PBXContainerItemProxy;
			containerPortal = 3B124C25209E26DB00C86DA0 /* Project object */;
			proxyType = 1;
			remoteGlobalIDString = 3B124C2C209E26DB00C86DA0;
			remoteInfo = MarvelHeroes;
		};
/* End PBXContainerItemProxy section */

/* Begin PBXFileReference section */
		3B124C2D209E26DB00C86DA0 /* MarvelHeroes.app */ = {isa = PBXFileReference; explicitFileType = wrapper.application; includeInIndex = 0; path = MarvelHeroes.app; sourceTree = BUILT_PRODUCTS_DIR; };
		3B124C30209E26DB00C86DA0 /* AppDelegate.swift */ = {isa = PBXFileReference; lastKnownFileType = sourcecode.swift; path = AppDelegate.swift; sourceTree = "<group>"; };
		3B124C32209E26DB00C86DA0 /* HeroesViewController.swift */ = {isa = PBXFileReference; lastKnownFileType = sourcecode.swift; path = HeroesViewController.swift; sourceTree = "<group>"; };
		3B124C35209E26DB00C86DA0 /* Base */ = {isa = PBXFileReference; lastKnownFileType = file.storyboard; name = Base; path = Base.lproj/Main.storyboard; sourceTree = "<group>"; };
		3B124C37209E26DD00C86DA0 /* Assets.xcassets */ = {isa = PBXFileReference; lastKnownFileType = folder.assetcatalog; path = Assets.xcassets; sourceTree = "<group>"; };
		3B124C3A209E26DD00C86DA0 /* Base */ = {isa = PBXFileReference; lastKnownFileType = file.storyboard; name = Base; path = Base.lproj/LaunchScreen.storyboard; sourceTree = "<group>"; };
		3B124C3C209E26DD00C86DA0 /* Info.plist */ = {isa = PBXFileReference; lastKnownFileType = text.plist.xml; path = Info.plist; sourceTree = "<group>"; };
		3B124C41209E26DD00C86DA0 /* MarvelHeroesTests.xctest */ = {isa = PBXFileReference; explicitFileType = wrapper.cfbundle; includeInIndex = 0; path = MarvelHeroesTests.xctest; sourceTree = BUILT_PRODUCTS_DIR; };
		3B124C45209E26DD00C86DA0 /* MarvelHeroesTests.swift */ = {isa = PBXFileReference; lastKnownFileType = sourcecode.swift; path = MarvelHeroesTests.swift; sourceTree = "<group>"; };
		3B124C47209E26DD00C86DA0 /* Info.plist */ = {isa = PBXFileReference; lastKnownFileType = text.plist.xml; path = Info.plist; sourceTree = "<group>"; };
		3B124C4C209E26DD00C86DA0 /* MarvelHeroesUITests.xctest */ = {isa = PBXFileReference; explicitFileType = wrapper.cfbundle; includeInIndex = 0; path = MarvelHeroesUITests.xctest; sourceTree = BUILT_PRODUCTS_DIR; };
		3B124C50209E26DD00C86DA0 /* MarvelHeroesUITests.swift */ = {isa = PBXFileReference; lastKnownFileType = sourcecode.swift; path = MarvelHeroesUITests.swift; sourceTree = "<group>"; };
		3B124C52209E26DD00C86DA0 /* Info.plist */ = {isa = PBXFileReference; lastKnownFileType = text.plist.xml; path = Info.plist; sourceTree = "<group>"; };
		3B124C5F209E29EE00C86DA0 /* Hero.swift */ = {isa = PBXFileReference; lastKnownFileType = sourcecode.swift; path = Hero.swift; sourceTree = "<group>"; };
		3B124C61209E2A4800C86DA0 /* Thumbnail.swift */ = {isa = PBXFileReference; lastKnownFileType = sourcecode.swift; path = Thumbnail.swift; sourceTree = "<group>"; };
		3B124C64209E2AA800C86DA0 /* HeroAPI.swift */ = {isa = PBXFileReference; lastKnownFileType = sourcecode.swift; path = HeroAPI.swift; sourceTree = "<group>"; };
		3B124C66209E306A00C86DA0 /* Request.swift */ = {isa = PBXFileReference; lastKnownFileType = sourcecode.swift; path = Request.swift; sourceTree = "<group>"; };
		3B3E233B209FC8E800AD3D05 /* HeroesViewController+Search.swift */ = {isa = PBXFileReference; lastKnownFileType = sourcecode.swift; path = "HeroesViewController+Search.swift"; sourceTree = "<group>"; };
		3B3E233D209FDD3F00AD3D05 /* FavoritesService.swift */ = {isa = PBXFileReference; lastKnownFileType = sourcecode.swift; path = FavoritesService.swift; sourceTree = "<group>"; };
		3B3E234320A0AD1700AD3D05 /* DetailsViewController.swift */ = {isa = PBXFileReference; lastKnownFileType = sourcecode.swift; path = DetailsViewController.swift; sourceTree = "<group>"; };
		3B3E234520A0AF4500AD3D05 /* CustomAnimator.swift */ = {isa = PBXFileReference; lastKnownFileType = sourcecode.swift; path = CustomAnimator.swift; sourceTree = "<group>"; };
		3B3E234720A0CBBE00AD3D05 /* DetailsService.swift */ = {isa = PBXFileReference; lastKnownFileType = sourcecode.swift; path = DetailsService.swift; sourceTree = "<group>"; };
		3B3E234920A0D42600AD3D05 /* Comic.swift */ = {isa = PBXFileReference; lastKnownFileType = sourcecode.swift; path = Comic.swift; sourceTree = "<group>"; };
		3B3E234B20A0E21500AD3D05 /* Event.swift */ = {isa = PBXFileReference; lastKnownFileType = sourcecode.swift; path = Event.swift; sourceTree = "<group>"; };
		3B3E234D20A0E23F00AD3D05 /* Serie.swift */ = {isa = PBXFileReference; lastKnownFileType = sourcecode.swift; path = Serie.swift; sourceTree = "<group>"; };
		3B3E234F20A0E24700AD3D05 /* Story.swift */ = {isa = PBXFileReference; lastKnownFileType = sourcecode.swift; path = Story.swift; sourceTree = "<group>"; };
		3B3E235120A0E7CF00AD3D05 /* DetailsViewController+DataSource.swift */ = {isa = PBXFileReference; lastKnownFileType = sourcecode.swift; path = "DetailsViewController+DataSource.swift"; sourceTree = "<group>"; };
		3BC2B330209F7F4E003D91F4 /* HeroService.swift */ = {isa = PBXFileReference; lastKnownFileType = sourcecode.swift; path = HeroService.swift; sourceTree = "<group>"; };
		3BC2B332209F8494003D91F4 /* MarvelHeroes-Bridging-Header.h */ = {isa = PBXFileReference; lastKnownFileType = sourcecode.c.h; path = "MarvelHeroes-Bridging-Header.h"; sourceTree = "<group>"; };
		3BC2B335209F84F8003D91F4 /* String+MD5.swift */ = {isa = PBXFileReference; lastKnownFileType = sourcecode.swift; path = "String+MD5.swift"; sourceTree = "<group>"; };
		3BC2B339209F921C003D91F4 /* HeroTableViewCell.swift */ = {isa = PBXFileReference; lastKnownFileType = sourcecode.swift; path = HeroTableViewCell.swift; sourceTree = "<group>"; };
		3BC2B33A209F921C003D91F4 /* HeroTableViewCell.xib */ = {isa = PBXFileReference; lastKnownFileType = file.xib; path = HeroTableViewCell.xib; sourceTree = "<group>"; };
		3BC2B33F209FA060003D91F4 /* HeroesViewController+DataSource.swift */ = {isa = PBXFileReference; lastKnownFileType = sourcecode.swift; path = "HeroesViewController+DataSource.swift"; sourceTree = "<group>"; };
		3BC2B342209FA595003D91F4 /* ImageService.swift */ = {isa = PBXFileReference; lastKnownFileType = sourcecode.swift; path = ImageService.swift; sourceTree = "<group>"; };
		3BC2B344209FAF37003D91F4 /* HeroesViewController+Delegate.swift */ = {isa = PBXFileReference; lastKnownFileType = sourcecode.swift; path = "HeroesViewController+Delegate.swift"; sourceTree = "<group>"; };
		3BC2B347209FB2B3003D91F4 /* Loadable.swift */ = {isa = PBXFileReference; lastKnownFileType = sourcecode.swift; path = Loadable.swift; sourceTree = "<group>"; };
/* End PBXFileReference section */

/* Begin PBXFrameworksBuildPhase section */
		3B124C2A209E26DB00C86DA0 /* Frameworks */ = {
			isa = PBXFrameworksBuildPhase;
			buildActionMask = 2147483647;
			files = (
			);
			runOnlyForDeploymentPostprocessing = 0;
		};
		3B124C3E209E26DD00C86DA0 /* Frameworks */ = {
			isa = PBXFrameworksBuildPhase;
			buildActionMask = 2147483647;
			files = (
			);
			runOnlyForDeploymentPostprocessing = 0;
		};
		3B124C49209E26DD00C86DA0 /* Frameworks */ = {
			isa = PBXFrameworksBuildPhase;
			buildActionMask = 2147483647;
			files = (
			);
			runOnlyForDeploymentPostprocessing = 0;
		};
/* End PBXFrameworksBuildPhase section */

/* Begin PBXGroup section */
		3B124C24209E26DB00C86DA0 = {
			isa = PBXGroup;
			children = (
				3B124C2F209E26DB00C86DA0 /* MarvelHeroes */,
				3B124C44209E26DD00C86DA0 /* MarvelHeroesTests */,
				3B124C4F209E26DD00C86DA0 /* MarvelHeroesUITests */,
				3B124C2E209E26DB00C86DA0 /* Products */,
			);
			sourceTree = "<group>";
		};
		3B124C2E209E26DB00C86DA0 /* Products */ = {
			isa = PBXGroup;
			children = (
				3B124C2D209E26DB00C86DA0 /* MarvelHeroes.app */,
				3B124C41209E26DD00C86DA0 /* MarvelHeroesTests.xctest */,
				3B124C4C209E26DD00C86DA0 /* MarvelHeroesUITests.xctest */,
			);
			name = Products;
			sourceTree = "<group>";
		};
		3B124C2F209E26DB00C86DA0 /* MarvelHeroes */ = {
			isa = PBXGroup;
			children = (
				3BC2B346209FB2A8003D91F4 /* Protocols */,
				3BC2B341209FA50D003D91F4 /* Services */,
				3BC2B33D209FA038003D91F4 /* View Controllers */,
				3BC2B337209F91FD003D91F4 /* Views */,
				3B124C68209E3A3200C86DA0 /* Helpers */,
				3B124C63209E2A9B00C86DA0 /* Networking */,
				3B124C5E209E29DF00C86DA0 /* Models */,
				3B124C30209E26DB00C86DA0 /* AppDelegate.swift */,
				3B124C34209E26DB00C86DA0 /* Main.storyboard */,
				3B124C37209E26DD00C86DA0 /* Assets.xcassets */,
				3B124C39209E26DD00C86DA0 /* LaunchScreen.storyboard */,
				3B124C3C209E26DD00C86DA0 /* Info.plist */,
			);
			path = MarvelHeroes;
			sourceTree = "<group>";
		};
		3B124C44209E26DD00C86DA0 /* MarvelHeroesTests */ = {
			isa = PBXGroup;
			children = (
				3B124C45209E26DD00C86DA0 /* MarvelHeroesTests.swift */,
				3B124C47209E26DD00C86DA0 /* Info.plist */,
			);
			path = MarvelHeroesTests;
			sourceTree = "<group>";
		};
		3B124C4F209E26DD00C86DA0 /* MarvelHeroesUITests */ = {
			isa = PBXGroup;
			children = (
				3B124C50209E26DD00C86DA0 /* MarvelHeroesUITests.swift */,
				3B124C52209E26DD00C86DA0 /* Info.plist */,
			);
			path = MarvelHeroesUITests;
			sourceTree = "<group>";
		};
		3B124C5E209E29DF00C86DA0 /* Models */ = {
			isa = PBXGroup;
			children = (
				3B124C5F209E29EE00C86DA0 /* Hero.swift */,
				3B124C61209E2A4800C86DA0 /* Thumbnail.swift */,
				3B3E234520A0AF4500AD3D05 /* CustomAnimator.swift */,
				3B3E234920A0D42600AD3D05 /* Comic.swift */,
				3B3E234B20A0E21500AD3D05 /* Event.swift */,
				3B3E234D20A0E23F00AD3D05 /* Serie.swift */,
				3B3E234F20A0E24700AD3D05 /* Story.swift */,
			);
			path = Models;
			sourceTree = "<group>";
		};
		3B124C63209E2A9B00C86DA0 /* Networking */ = {
			isa = PBXGroup;
			children = (
				3B124C64209E2AA800C86DA0 /* HeroAPI.swift */,
				3B124C66209E306A00C86DA0 /* Request.swift */,
			);
			path = Networking;
			sourceTree = "<group>";
		};
		3B124C68209E3A3200C86DA0 /* Helpers */ = {
			isa = PBXGroup;
			children = (
				3BC2B332209F8494003D91F4 /* MarvelHeroes-Bridging-Header.h */,
				3BC2B335209F84F8003D91F4 /* String+MD5.swift */,
			);
			path = Helpers;
			sourceTree = "<group>";
		};
		3B3E234220A0ACFE00AD3D05 /* Details */ = {
			isa = PBXGroup;
			children = (
				3B3E234320A0AD1700AD3D05 /* DetailsViewController.swift */,
				3B3E235120A0E7CF00AD3D05 /* DetailsViewController+DataSource.swift */,
			);
			path = Details;
			sourceTree = "<group>";
		};
		3BC2B337209F91FD003D91F4 /* Views */ = {
			isa = PBXGroup;
			children = (
				3BC2B338209F9203003D91F4 /* Cells */,
			);
			path = Views;
			sourceTree = "<group>";
		};
		3BC2B338209F9203003D91F4 /* Cells */ = {
			isa = PBXGroup;
			children = (
				3BC2B339209F921C003D91F4 /* HeroTableViewCell.swift */,
				3BC2B33A209F921C003D91F4 /* HeroTableViewCell.xib */,
			);
			path = Cells;
			sourceTree = "<group>";
		};
		3BC2B33D209FA038003D91F4 /* View Controllers */ = {
			isa = PBXGroup;
			children = (
				3B3E234220A0ACFE00AD3D05 /* Details */,
				3BC2B33E209FA043003D91F4 /* Heroes */,
			);
			path = "View Controllers";
			sourceTree = "<group>";
		};
		3BC2B33E209FA043003D91F4 /* Heroes */ = {
			isa = PBXGroup;
			children = (
				3B124C32209E26DB00C86DA0 /* HeroesViewController.swift */,
				3BC2B33F209FA060003D91F4 /* HeroesViewController+DataSource.swift */,
				3BC2B344209FAF37003D91F4 /* HeroesViewController+Delegate.swift */,
				3B3E233B209FC8E800AD3D05 /* HeroesViewController+Search.swift */,
			);
			path = Heroes;
			sourceTree = "<group>";
		};
		3BC2B341209FA50D003D91F4 /* Services */ = {
			isa = PBXGroup;
			children = (
				3BC2B330209F7F4E003D91F4 /* HeroService.swift */,
				3BC2B342209FA595003D91F4 /* ImageService.swift */,
				3B3E233D209FDD3F00AD3D05 /* FavoritesService.swift */,
				3B3E234720A0CBBE00AD3D05 /* DetailsService.swift */,
			);
			path = Services;
			sourceTree = "<group>";
		};
		3BC2B346209FB2A8003D91F4 /* Protocols */ = {
			isa = PBXGroup;
			children = (
				3BC2B347209FB2B3003D91F4 /* Loadable.swift */,
			);
			path = Protocols;
			sourceTree = "<group>";
		};
/* End PBXGroup section */

/* Begin PBXNativeTarget section */
		3B124C2C209E26DB00C86DA0 /* MarvelHeroes */ = {
			isa = PBXNativeTarget;
			buildConfigurationList = 3B124C55209E26DD00C86DA0 /* Build configuration list for PBXNativeTarget "MarvelHeroes" */;
			buildPhases = (
				3B124C29209E26DB00C86DA0 /* Sources */,
				3B124C2A209E26DB00C86DA0 /* Frameworks */,
				3B124C2B209E26DB00C86DA0 /* Resources */,
			);
			buildRules = (
			);
			dependencies = (
			);
			name = MarvelHeroes;
			productName = MarvelHeroes;
			productReference = 3B124C2D209E26DB00C86DA0 /* MarvelHeroes.app */;
			productType = "com.apple.product-type.application";
		};
		3B124C40209E26DD00C86DA0 /* MarvelHeroesTests */ = {
			isa = PBXNativeTarget;
			buildConfigurationList = 3B124C58209E26DD00C86DA0 /* Build configuration list for PBXNativeTarget "MarvelHeroesTests" */;
			buildPhases = (
				3B124C3D209E26DD00C86DA0 /* Sources */,
				3B124C3E209E26DD00C86DA0 /* Frameworks */,
				3B124C3F209E26DD00C86DA0 /* Resources */,
			);
			buildRules = (
			);
			dependencies = (
				3B124C43209E26DD00C86DA0 /* PBXTargetDependency */,
			);
			name = MarvelHeroesTests;
			productName = MarvelHeroesTests;
			productReference = 3B124C41209E26DD00C86DA0 /* MarvelHeroesTests.xctest */;
			productType = "com.apple.product-type.bundle.unit-test";
		};
		3B124C4B209E26DD00C86DA0 /* MarvelHeroesUITests */ = {
			isa = PBXNativeTarget;
			buildConfigurationList = 3B124C5B209E26DD00C86DA0 /* Build configuration list for PBXNativeTarget "MarvelHeroesUITests" */;
			buildPhases = (
				3B124C48209E26DD00C86DA0 /* Sources */,
				3B124C49209E26DD00C86DA0 /* Frameworks */,
				3B124C4A209E26DD00C86DA0 /* Resources */,
			);
			buildRules = (
			);
			dependencies = (
				3B124C4E209E26DD00C86DA0 /* PBXTargetDependency */,
			);
			name = MarvelHeroesUITests;
			productName = MarvelHeroesUITests;
			productReference = 3B124C4C209E26DD00C86DA0 /* MarvelHeroesUITests.xctest */;
			productType = "com.apple.product-type.bundle.ui-testing";
		};
/* End PBXNativeTarget section */

/* Begin PBXProject section */
		3B124C25209E26DB00C86DA0 /* Project object */ = {
			isa = PBXProject;
			attributes = {
				LastSwiftUpdateCheck = 0930;
				LastUpgradeCheck = 0930;
				ORGANIZATIONNAME = "Lucas Domene";
				TargetAttributes = {
					3B124C2C209E26DB00C86DA0 = {
						CreatedOnToolsVersion = 9.3;
						LastSwiftMigration = 0930;
					};
					3B124C40209E26DD00C86DA0 = {
						CreatedOnToolsVersion = 9.3;
						TestTargetID = 3B124C2C209E26DB00C86DA0;
					};
					3B124C4B209E26DD00C86DA0 = {
						CreatedOnToolsVersion = 9.3;
						TestTargetID = 3B124C2C209E26DB00C86DA0;
					};
				};
			};
			buildConfigurationList = 3B124C28209E26DB00C86DA0 /* Build configuration list for PBXProject "MarvelHeroes" */;
			compatibilityVersion = "Xcode 9.3";
			developmentRegion = en;
			hasScannedForEncodings = 0;
			knownRegions = (
				en,
				Base,
			);
			mainGroup = 3B124C24209E26DB00C86DA0;
			productRefGroup = 3B124C2E209E26DB00C86DA0 /* Products */;
			projectDirPath = "";
			projectRoot = "";
			targets = (
				3B124C2C209E26DB00C86DA0 /* MarvelHeroes */,
				3B124C40209E26DD00C86DA0 /* MarvelHeroesTests */,
				3B124C4B209E26DD00C86DA0 /* MarvelHeroesUITests */,
			);
		};
/* End PBXProject section */

/* Begin PBXResourcesBuildPhase section */
		3B124C2B209E26DB00C86DA0 /* Resources */ = {
			isa = PBXResourcesBuildPhase;
			buildActionMask = 2147483647;
			files = (
				3B124C3B209E26DD00C86DA0 /* LaunchScreen.storyboard in Resources */,
				3B124C38209E26DD00C86DA0 /* Assets.xcassets in Resources */,
				3B124C36209E26DB00C86DA0 /* Main.storyboard in Resources */,
				3BC2B33C209F921C003D91F4 /* HeroTableViewCell.xib in Resources */,
			);
			runOnlyForDeploymentPostprocessing = 0;
		};
		3B124C3F209E26DD00C86DA0 /* Resources */ = {
			isa = PBXResourcesBuildPhase;
			buildActionMask = 2147483647;
			files = (
			);
			runOnlyForDeploymentPostprocessing = 0;
		};
		3B124C4A209E26DD00C86DA0 /* Resources */ = {
			isa = PBXResourcesBuildPhase;
			buildActionMask = 2147483647;
			files = (
			);
			runOnlyForDeploymentPostprocessing = 0;
		};
/* End PBXResourcesBuildPhase section */

/* Begin PBXSourcesBuildPhase section */
		3B124C29209E26DB00C86DA0 /* Sources */ = {
			isa = PBXSourcesBuildPhase;
			buildActionMask = 2147483647;
			files = (
				3B3E233E209FDD3F00AD3D05 /* FavoritesService.swift in Sources */,
				3BC2B331209F7F4E003D91F4 /* HeroService.swift in Sources */,
				3BC2B345209FAF37003D91F4 /* HeroesViewController+Delegate.swift in Sources */,
				3B3E234620A0AF4500AD3D05 /* CustomAnimator.swift in Sources */,
				3B3E234C20A0E21500AD3D05 /* Event.swift in Sources */,
				3B3E233C209FC8E800AD3D05 /* HeroesViewController+Search.swift in Sources */,
				3B124C33209E26DB00C86DA0 /* HeroesViewController.swift in Sources */,
				3B124C67209E306A00C86DA0 /* Request.swift in Sources */,
				3BC2B348209FB2B3003D91F4 /* Loadable.swift in Sources */,
				3BC2B336209F84F8003D91F4 /* String+MD5.swift in Sources */,
				3B3E234820A0CBBE00AD3D05 /* DetailsService.swift in Sources */,
				3B3E235220A0E7CF00AD3D05 /* DetailsViewController+DataSource.swift in Sources */,
				3B3E234E20A0E23F00AD3D05 /* Serie.swift in Sources */,
				3BC2B33B209F921C003D91F4 /* HeroTableViewCell.swift in Sources */,
				3BC2B340209FA060003D91F4 /* HeroesViewController+DataSource.swift in Sources */,
				3B124C31209E26DB00C86DA0 /* AppDelegate.swift in Sources */,
				3B3E234420A0AD1700AD3D05 /* DetailsViewController.swift in Sources */,
				3B124C62209E2A4800C86DA0 /* Thumbnail.swift in Sources */,
				3BC2B343209FA595003D91F4 /* ImageService.swift in Sources */,
				3B124C65209E2AA800C86DA0 /* HeroAPI.swift in Sources */,
				3B3E234A20A0D42600AD3D05 /* Comic.swift in Sources */,
				3B124C60209E29EE00C86DA0 /* Hero.swift in Sources */,
				3B3E235020A0E24700AD3D05 /* Story.swift in Sources */,
			);
			runOnlyForDeploymentPostprocessing = 0;
		};
		3B124C3D209E26DD00C86DA0 /* Sources */ = {
			isa = PBXSourcesBuildPhase;
			buildActionMask = 2147483647;
			files = (
				3B124C46209E26DD00C86DA0 /* MarvelHeroesTests.swift in Sources */,
			);
			runOnlyForDeploymentPostprocessing = 0;
		};
		3B124C48209E26DD00C86DA0 /* Sources */ = {
			isa = PBXSourcesBuildPhase;
			buildActionMask = 2147483647;
			files = (
				3B124C51209E26DD00C86DA0 /* MarvelHeroesUITests.swift in Sources */,
			);
			runOnlyForDeploymentPostprocessing = 0;
		};
/* End PBXSourcesBuildPhase section */

/* Begin PBXTargetDependency section */
		3B124C43209E26DD00C86DA0 /* PBXTargetDependency */ = {
			isa = PBXTargetDependency;
			target = 3B124C2C209E26DB00C86DA0 /* MarvelHeroes */;
			targetProxy = 3B124C42209E26DD00C86DA0 /* PBXContainerItemProxy */;
		};
		3B124C4E209E26DD00C86DA0 /* PBXTargetDependency */ = {
			isa = PBXTargetDependency;
			target = 3B124C2C209E26DB00C86DA0 /* MarvelHeroes */;
			targetProxy = 3B124C4D209E26DD00C86DA0 /* PBXContainerItemProxy */;
		};
/* End PBXTargetDependency section */

/* Begin PBXVariantGroup section */
		3B124C34209E26DB00C86DA0 /* Main.storyboard */ = {
			isa = PBXVariantGroup;
			children = (
				3B124C35209E26DB00C86DA0 /* Base */,
			);
			name = Main.storyboard;
			sourceTree = "<group>";
		};
		3B124C39209E26DD00C86DA0 /* LaunchScreen.storyboard */ = {
			isa = PBXVariantGroup;
			children = (
				3B124C3A209E26DD00C86DA0 /* Base */,
			);
			name = LaunchScreen.storyboard;
			sourceTree = "<group>";
		};
/* End PBXVariantGroup section */

/* Begin XCBuildConfiguration section */
		3B124C53209E26DD00C86DA0 /* Debug */ = {
			isa = XCBuildConfiguration;
			buildSettings = {
				ALWAYS_SEARCH_USER_PATHS = NO;
				CLANG_ANALYZER_NONNULL = YES;
				CLANG_ANALYZER_NUMBER_OBJECT_CONVERSION = YES_AGGRESSIVE;
				CLANG_CXX_LANGUAGE_STANDARD = "gnu++14";
				CLANG_CXX_LIBRARY = "libc++";
				CLANG_ENABLE_MODULES = YES;
				CLANG_ENABLE_OBJC_ARC = YES;
				CLANG_ENABLE_OBJC_WEAK = YES;
				CLANG_WARN_BLOCK_CAPTURE_AUTORELEASING = YES;
				CLANG_WARN_BOOL_CONVERSION = YES;
				CLANG_WARN_COMMA = YES;
				CLANG_WARN_CONSTANT_CONVERSION = YES;
				CLANG_WARN_DEPRECATED_OBJC_IMPLEMENTATIONS = YES;
				CLANG_WARN_DIRECT_OBJC_ISA_USAGE = YES_ERROR;
				CLANG_WARN_DOCUMENTATION_COMMENTS = YES;
				CLANG_WARN_EMPTY_BODY = YES;
				CLANG_WARN_ENUM_CONVERSION = YES;
				CLANG_WARN_INFINITE_RECURSION = YES;
				CLANG_WARN_INT_CONVERSION = YES;
				CLANG_WARN_NON_LITERAL_NULL_CONVERSION = YES;
				CLANG_WARN_OBJC_IMPLICIT_RETAIN_SELF = YES;
				CLANG_WARN_OBJC_LITERAL_CONVERSION = YES;
				CLANG_WARN_OBJC_ROOT_CLASS = YES_ERROR;
				CLANG_WARN_RANGE_LOOP_ANALYSIS = YES;
				CLANG_WARN_STRICT_PROTOTYPES = YES;
				CLANG_WARN_SUSPICIOUS_MOVE = YES;
				CLANG_WARN_UNGUARDED_AVAILABILITY = YES_AGGRESSIVE;
				CLANG_WARN_UNREACHABLE_CODE = YES;
				CLANG_WARN__DUPLICATE_METHOD_MATCH = YES;
				CODE_SIGN_IDENTITY = "iPhone Developer";
				COPY_PHASE_STRIP = NO;
				DEBUG_INFORMATION_FORMAT = dwarf;
				ENABLE_STRICT_OBJC_MSGSEND = YES;
				ENABLE_TESTABILITY = YES;
				GCC_C_LANGUAGE_STANDARD = gnu11;
				GCC_DYNAMIC_NO_PIC = NO;
				GCC_NO_COMMON_BLOCKS = YES;
				GCC_OPTIMIZATION_LEVEL = 0;
				GCC_PREPROCESSOR_DEFINITIONS = (
					"DEBUG=1",
					"$(inherited)",
				);
				GCC_WARN_64_TO_32_BIT_CONVERSION = YES;
				GCC_WARN_ABOUT_RETURN_TYPE = YES_ERROR;
				GCC_WARN_UNDECLARED_SELECTOR = YES;
				GCC_WARN_UNINITIALIZED_AUTOS = YES_AGGRESSIVE;
				GCC_WARN_UNUSED_FUNCTION = YES;
				GCC_WARN_UNUSED_VARIABLE = YES;
				IPHONEOS_DEPLOYMENT_TARGET = 11.3;
				MTL_ENABLE_DEBUG_INFO = YES;
				ONLY_ACTIVE_ARCH = YES;
				SDKROOT = iphoneos;
				SWIFT_ACTIVE_COMPILATION_CONDITIONS = DEBUG;
				SWIFT_OPTIMIZATION_LEVEL = "-Onone";
			};
			name = Debug;
		};
		3B124C54209E26DD00C86DA0 /* Release */ = {
			isa = XCBuildConfiguration;
			buildSettings = {
				ALWAYS_SEARCH_USER_PATHS = NO;
				CLANG_ANALYZER_NONNULL = YES;
				CLANG_ANALYZER_NUMBER_OBJECT_CONVERSION = YES_AGGRESSIVE;
				CLANG_CXX_LANGUAGE_STANDARD = "gnu++14";
				CLANG_CXX_LIBRARY = "libc++";
				CLANG_ENABLE_MODULES = YES;
				CLANG_ENABLE_OBJC_ARC = YES;
				CLANG_ENABLE_OBJC_WEAK = YES;
				CLANG_WARN_BLOCK_CAPTURE_AUTORELEASING = YES;
				CLANG_WARN_BOOL_CONVERSION = YES;
				CLANG_WARN_COMMA = YES;
				CLANG_WARN_CONSTANT_CONVERSION = YES;
				CLANG_WARN_DEPRECATED_OBJC_IMPLEMENTATIONS = YES;
				CLANG_WARN_DIRECT_OBJC_ISA_USAGE = YES_ERROR;
				CLANG_WARN_DOCUMENTATION_COMMENTS = YES;
				CLANG_WARN_EMPTY_BODY = YES;
				CLANG_WARN_ENUM_CONVERSION = YES;
				CLANG_WARN_INFINITE_RECURSION = YES;
				CLANG_WARN_INT_CONVERSION = YES;
				CLANG_WARN_NON_LITERAL_NULL_CONVERSION = YES;
				CLANG_WARN_OBJC_IMPLICIT_RETAIN_SELF = YES;
				CLANG_WARN_OBJC_LITERAL_CONVERSION = YES;
				CLANG_WARN_OBJC_ROOT_CLASS = YES_ERROR;
				CLANG_WARN_RANGE_LOOP_ANALYSIS = YES;
				CLANG_WARN_STRICT_PROTOTYPES = YES;
				CLANG_WARN_SUSPICIOUS_MOVE = YES;
				CLANG_WARN_UNGUARDED_AVAILABILITY = YES_AGGRESSIVE;
				CLANG_WARN_UNREACHABLE_CODE = YES;
				CLANG_WARN__DUPLICATE_METHOD_MATCH = YES;
				CODE_SIGN_IDENTITY = "iPhone Developer";
				COPY_PHASE_STRIP = NO;
				DEBUG_INFORMATION_FORMAT = "dwarf-with-dsym";
				ENABLE_NS_ASSERTIONS = NO;
				ENABLE_STRICT_OBJC_MSGSEND = YES;
				GCC_C_LANGUAGE_STANDARD = gnu11;
				GCC_NO_COMMON_BLOCKS = YES;
				GCC_WARN_64_TO_32_BIT_CONVERSION = YES;
				GCC_WARN_ABOUT_RETURN_TYPE = YES_ERROR;
				GCC_WARN_UNDECLARED_SELECTOR = YES;
				GCC_WARN_UNINITIALIZED_AUTOS = YES_AGGRESSIVE;
				GCC_WARN_UNUSED_FUNCTION = YES;
				GCC_WARN_UNUSED_VARIABLE = YES;
				IPHONEOS_DEPLOYMENT_TARGET = 11.3;
				MTL_ENABLE_DEBUG_INFO = NO;
				SDKROOT = iphoneos;
				SWIFT_COMPILATION_MODE = wholemodule;
				SWIFT_OPTIMIZATION_LEVEL = "-O";
				VALIDATE_PRODUCT = YES;
			};
			name = Release;
		};
		3B124C56209E26DD00C86DA0 /* Debug */ = {
			isa = XCBuildConfiguration;
			buildSettings = {
				ASSETCATALOG_COMPILER_APPICON_NAME = AppIcon;
				CLANG_ENABLE_MODULES = YES;
				CODE_SIGN_STYLE = Automatic;
				DEVELOPMENT_TEAM = 39NW3V2A95;
				INFOPLIST_FILE = MarvelHeroes/Info.plist;
				LD_RUNPATH_SEARCH_PATHS = (
					"$(inherited)",
					"@executable_path/Frameworks",
				);
				PRODUCT_BUNDLE_IDENTIFIER = domene.MarvelHeroes;
				PRODUCT_NAME = "$(TARGET_NAME)";
				SWIFT_OBJC_BRIDGING_HEADER = "MarvelHeroes/Helpers/MarvelHeroes-Bridging-Header.h";
				SWIFT_OPTIMIZATION_LEVEL = "-Onone";
				SWIFT_VERSION = 4.0;
				TARGETED_DEVICE_FAMILY = "1,2";
			};
			name = Debug;
		};
		3B124C57209E26DD00C86DA0 /* Release */ = {
			isa = XCBuildConfiguration;
			buildSettings = {
				ASSETCATALOG_COMPILER_APPICON_NAME = AppIcon;
				CLANG_ENABLE_MODULES = YES;
				CODE_SIGN_STYLE = Automatic;
				DEVELOPMENT_TEAM = 39NW3V2A95;
				INFOPLIST_FILE = MarvelHeroes/Info.plist;
				LD_RUNPATH_SEARCH_PATHS = (
					"$(inherited)",
					"@executable_path/Frameworks",
				);
				PRODUCT_BUNDLE_IDENTIFIER = domene.MarvelHeroes;
				PRODUCT_NAME = "$(TARGET_NAME)";
				SWIFT_OBJC_BRIDGING_HEADER = "MarvelHeroes/Helpers/MarvelHeroes-Bridging-Header.h";
				SWIFT_VERSION = 4.0;
				TARGETED_DEVICE_FAMILY = "1,2";
			};
			name = Release;
		};
		3B124C59209E26DD00C86DA0 /* Debug */ = {
			isa = XCBuildConfiguration;
			buildSettings = {
				ALWAYS_EMBED_SWIFT_STANDARD_LIBRARIES = YES;
				BUNDLE_LOADER = "$(TEST_HOST)";
				CODE_SIGN_STYLE = Automatic;
				DEVELOPMENT_TEAM = 39NW3V2A95;
				INFOPLIST_FILE = MarvelHeroesTests/Info.plist;
				LD_RUNPATH_SEARCH_PATHS = (
					"$(inherited)",
					"@executable_path/Frameworks",
					"@loader_path/Frameworks",
				);
				PRODUCT_BUNDLE_IDENTIFIER = domene.MarvelHeroesTests;
				PRODUCT_NAME = "$(TARGET_NAME)";
				SWIFT_VERSION = 4.0;
				TARGETED_DEVICE_FAMILY = "1,2";
				TEST_HOST = "$(BUILT_PRODUCTS_DIR)/MarvelHeroes.app/MarvelHeroes";
			};
			name = Debug;
		};
		3B124C5A209E26DD00C86DA0 /* Release */ = {
			isa = XCBuildConfiguration;
			buildSettings = {
				ALWAYS_EMBED_SWIFT_STANDARD_LIBRARIES = YES;
				BUNDLE_LOADER = "$(TEST_HOST)";
				CODE_SIGN_STYLE = Automatic;
				DEVELOPMENT_TEAM = 39NW3V2A95;
				INFOPLIST_FILE = MarvelHeroesTests/Info.plist;
				LD_RUNPATH_SEARCH_PATHS = (
					"$(inherited)",
					"@executable_path/Frameworks",
					"@loader_path/Frameworks",
				);
				PRODUCT_BUNDLE_IDENTIFIER = domene.MarvelHeroesTests;
				PRODUCT_NAME = "$(TARGET_NAME)";
				SWIFT_VERSION = 4.0;
				TARGETED_DEVICE_FAMILY = "1,2";
				TEST_HOST = "$(BUILT_PRODUCTS_DIR)/MarvelHeroes.app/MarvelHeroes";
			};
			name = Release;
		};
		3B124C5C209E26DD00C86DA0 /* Debug */ = {
			isa = XCBuildConfiguration;
			buildSettings = {
				ALWAYS_EMBED_SWIFT_STANDARD_LIBRARIES = YES;
				CODE_SIGN_STYLE = Automatic;
				DEVELOPMENT_TEAM = 39NW3V2A95;
				INFOPLIST_FILE = MarvelHeroesUITests/Info.plist;
				LD_RUNPATH_SEARCH_PATHS = (
					"$(inherited)",
					"@executable_path/Frameworks",
					"@loader_path/Frameworks",
				);
				PRODUCT_BUNDLE_IDENTIFIER = domene.MarvelHeroesUITests;
				PRODUCT_NAME = "$(TARGET_NAME)";
				SWIFT_VERSION = 4.0;
				TARGETED_DEVICE_FAMILY = "1,2";
				TEST_TARGET_NAME = MarvelHeroes;
			};
			name = Debug;
		};
		3B124C5D209E26DD00C86DA0 /* Release */ = {
			isa = XCBuildConfiguration;
			buildSettings = {
				ALWAYS_EMBED_SWIFT_STANDARD_LIBRARIES = YES;
				CODE_SIGN_STYLE = Automatic;
				DEVELOPMENT_TEAM = 39NW3V2A95;
				INFOPLIST_FILE = MarvelHeroesUITests/Info.plist;
				LD_RUNPATH_SEARCH_PATHS = (
					"$(inherited)",
					"@executable_path/Frameworks",
					"@loader_path/Frameworks",
				);
				PRODUCT_BUNDLE_IDENTIFIER = domene.MarvelHeroesUITests;
				PRODUCT_NAME = "$(TARGET_NAME)";
				SWIFT_VERSION = 4.0;
				TARGETED_DEVICE_FAMILY = "1,2";
				TEST_TARGET_NAME = MarvelHeroes;
			};
			name = Release;
		};
/* End XCBuildConfiguration section */

/* Begin XCConfigurationList section */
		3B124C28209E26DB00C86DA0 /* Build configuration list for PBXProject "MarvelHeroes" */ = {
			isa = XCConfigurationList;
			buildConfigurations = (
				3B124C53209E26DD00C86DA0 /* Debug */,
				3B124C54209E26DD00C86DA0 /* Release */,
			);
			defaultConfigurationIsVisible = 0;
			defaultConfigurationName = Release;
		};
		3B124C55209E26DD00C86DA0 /* Build configuration list for PBXNativeTarget "MarvelHeroes" */ = {
			isa = XCConfigurationList;
			buildConfigurations = (
				3B124C56209E26DD00C86DA0 /* Debug */,
				3B124C57209E26DD00C86DA0 /* Release */,
			);
			defaultConfigurationIsVisible = 0;
			defaultConfigurationName = Release;
		};
		3B124C58209E26DD00C86DA0 /* Build configuration list for PBXNativeTarget "MarvelHeroesTests" */ = {
			isa = XCConfigurationList;
			buildConfigurations = (
				3B124C59209E26DD00C86DA0 /* Debug */,
				3B124C5A209E26DD00C86DA0 /* Release */,
			);
			defaultConfigurationIsVisible = 0;
			defaultConfigurationName = Release;
		};
		3B124C5B209E26DD00C86DA0 /* Build configuration list for PBXNativeTarget "MarvelHeroesUITests" */ = {
			isa = XCConfigurationList;
			buildConfigurations = (
				3B124C5C209E26DD00C86DA0 /* Debug */,
				3B124C5D209E26DD00C86DA0 /* Release */,
			);
			defaultConfigurationIsVisible = 0;
			defaultConfigurationName = Release;
		};
/* End XCConfigurationList section */
	};
	rootObject = 3B124C25209E26DB00C86DA0 /* Project object */;
}
